
Microsoft Visual Studio Solution File, Format Version 12.00
# Visual Studio Version 17
VisualStudioVersion = 17.2.32602.215
MinimumVisualStudioVersion = 10.0.40219.1
Project("{FAE04EC0-301F-11D3-BF4B-00C04F79EFBC}") = "MetalMogul", "MetalMogul\MetalMogul.csproj", "{4D003648-682A-4F14-AB33-96EE67E0B636}"
EndProject
Global
	GlobalSection(SolutionConfigurationPlatforms) = preSolution
		Debug|Any CPU = Debug|Any CPU
		Release|Any CPU = Release|Any CPU
	EndGlobalSection
	GlobalSection(ProjectConfigurationPlatforms) = postSolution
		{4D003648-682A-4F14-AB33-96EE67E0B636}.Debug|Any CPU.ActiveCfg = Debug|Any CPU
		{4D003648-682A-4F14-AB33-96EE67E0B636}.Debug|Any CPU.Build.0 = Debug|Any CPU
		{4D003648-682A-4F14-AB33-96EE67E0B636}.Release|Any CPU.ActiveCfg = Release|Any CPU
		{4D003648-682A-4F14-AB33-96EE67E0B636}.Release|Any CPU.Build.0 = Release|Any CPU
	EndGlobalSection
	GlobalSection(SolutionProperties) = preSolution
		HideSolutionNode = FALSE
	EndGlobalSection
	GlobalSection(ExtensibilityGlobals) = postSolution
		SolutionGuid = {75F5BFCA-13CB-48C9-8430-7B2493774E54}
	EndGlobalSection
EndGlobal
